<?xml version="1.0" encoding="utf-8"?>
<Project ToolsVersion="4.0" xmlns="http://schemas.microsoft.com/developer/msbuild/2003">
  <ItemGroup>
    <ClCompile Include="Main.cpp" />
    <ClCompile Include="glad.c" />
    <ClCompile Include="Shader.cpp" />
  </ItemGroup>
  <ItemGroup>
    <ClInclude Include="Shader.h" />
    <ClInclude Include="stb_image.h" />
  </ItemGroup>
  <ItemGroup>
    <Text Include="VertexShaderSource.txt" />
    <Text Include="FragmentShaderSource.txt" />
  </ItemGroup>
</Project>